
Microsoft Visual Studio Solution File, Format Version 12.00
# Visual Studio Version 16
VisualStudioVersion = 16.0.31829.152
MinimumVisualStudioVersion = 10.0.40219.1
Project("{FAE04EC0-301F-11D3-BF4B-00C04F79EFBC}") = "Practice_Text_Adventure", "Practice_Text_Adventure\Practice_Text_Adventure.csproj", "{8701EB4F-06E5-45F6-800C-18BB97B3FE5A}"
EndProject
Global
	GlobalSection(SolutionConfigurationPlatforms) = preSolution
		Debug|Any CPU = Debug|Any CPU
		Release|Any CPU = Release|Any CPU
	EndGlobalSection
	GlobalSection(ProjectConfigurationPlatforms) = postSolution
		{8701EB4F-06E5-45F6-800C-18BB97B3FE5A}.Debug|Any CPU.ActiveCfg = Debug|Any CPU
		{8701EB4F-06E5-45F6-800C-18BB97B3FE5A}.Debug|Any CPU.Build.0 = Debug|Any CPU
		{8701EB4F-06E5-45F6-800C-18BB97B3FE5A}.Release|Any CPU.ActiveCfg = Release|Any CPU
		{8701EB4F-06E5-45F6-800C-18BB97B3FE5A}.Release|Any CPU.Build.0 = Release|Any CPU
	EndGlobalSection
	GlobalSection(SolutionProperties) = preSolution
		HideSolutionNode = FALSE
	EndGlobalSection
	GlobalSection(ExtensibilityGlobals) = postSolution
		SolutionGuid = {E7D289F2-490A-4A0A-B2CC-C0E56C0A1EE9}
	EndGlobalSection
EndGlobal
